
Microsoft Visual Studio Solution File, Format Version 12.00
# Visual Studio Version 16
VisualStudioVersion = 16.0.33027.164
MinimumVisualStudioVersion = 10.0.40219.1
Project("{FAE04EC0-301F-11D3-BF4B-00C04F79EFBC}") = "RestaurantReservationNew.Server", "RestaurantReservationNew\Server\RestaurantReservationNew.Server.csproj", "{B385A1E6-C1AE-486C-BE5A-94F328D882E4}"
EndProject
Project("{FAE04EC0-301F-11D3-BF4B-00C04F79EFBC}") = "RestaurantReservationNew.Client", "RestaurantReservationNew\Client\RestaurantReservationNew.Client.csproj", "{D073C5E8-CFD1-4083-8057-4DA19893B4FD}"
EndProject
Project("{FAE04EC0-301F-11D3-BF4B-00C04F79EFBC}") = "RestaurantReservationNew.Shared", "RestaurantReservationNew\Shared\RestaurantReservationNew.Shared.csproj", "{03203DD7-6B9C-41D3-97D6-D267FCFF80A3}"
EndProject
Global
	GlobalSection(SolutionConfigurationPlatforms) = preSolution
		Debug|Any CPU = Debug|Any CPU
		Release|Any CPU = Release|Any CPU
	EndGlobalSection
	GlobalSection(ProjectConfigurationPlatforms) = postSolution
		{B385A1E6-C1AE-486C-BE5A-94F328D882E4}.Debug|Any CPU.ActiveCfg = Debug|Any CPU
		{B385A1E6-C1AE-486C-BE5A-94F328D882E4}.Debug|Any CPU.Build.0 = Debug|Any CPU
		{B385A1E6-C1AE-486C-BE5A-94F328D882E4}.Release|Any CPU.ActiveCfg = Release|Any CPU
		{B385A1E6-C1AE-486C-BE5A-94F328D882E4}.Release|Any CPU.Build.0 = Release|Any CPU
		{D073C5E8-CFD1-4083-8057-4DA19893B4FD}.Debug|Any CPU.ActiveCfg = Debug|Any CPU
		{D073C5E8-CFD1-4083-8057-4DA19893B4FD}.Debug|Any CPU.Build.0 = Debug|Any CPU
		{D073C5E8-CFD1-4083-8057-4DA19893B4FD}.Release|Any CPU.ActiveCfg = Release|Any CPU
		{D073C5E8-CFD1-4083-8057-4DA19893B4FD}.Release|Any CPU.Build.0 = Release|Any CPU
		{03203DD7-6B9C-41D3-97D6-D267FCFF80A3}.Debug|Any CPU.ActiveCfg = Debug|Any CPU
		{03203DD7-6B9C-41D3-97D6-D267FCFF80A3}.Debug|Any CPU.Build.0 = Debug|Any CPU
		{03203DD7-6B9C-41D3-97D6-D267FCFF80A3}.Release|Any CPU.ActiveCfg = Release|Any CPU
		{03203DD7-6B9C-41D3-97D6-D267FCFF80A3}.Release|Any CPU.Build.0 = Release|Any CPU
	EndGlobalSection
	GlobalSection(SolutionProperties) = preSolution
		HideSolutionNode = FALSE
	EndGlobalSection
	GlobalSection(ExtensibilityGlobals) = postSolution
		SolutionGuid = {B5238F30-ACE2-4C5E-9BBA-F723B3E792E5}
	EndGlobalSection
EndGlobal
